
Microsoft Visual Studio Solution File, Format Version 12.00
# Visual Studio 2013
VisualStudioVersion = 12.0.31101.0
MinimumVisualStudioVersion = 10.0.40219.1
Project("{FAE04EC0-301F-11D3-BF4B-00C04F79EFBC}") = "GoingBeyond3Windows", "GoingBeyond3\GoingBeyond3Windows.csproj", "{CC92D0EF-0A1B-4216-A959-580D7686FE42}"
EndProject
Project("{FAE04EC0-301F-11D3-BF4B-00C04F79EFBC}") = "GoingBeyond3Xbox", "GoingBeyond3\GoingBeyond3Xbox.csproj", "{08BC140C-2F19-45FB-8462-3564C675F691}"
EndProject
Global
	GlobalSection(SolutionConfigurationPlatforms) = preSolution
		Debug|Mixed Platforms = Debug|Mixed Platforms
		Debug|x86 = Debug|x86
		Debug|Xbox 360 = Debug|Xbox 360
		Release|Mixed Platforms = Release|Mixed Platforms
		Release|x86 = Release|x86
		Release|Xbox 360 = Release|Xbox 360
	EndGlobalSection
	GlobalSection(ProjectConfigurationPlatforms) = postSolution
		{CC92D0EF-0A1B-4216-A959-580D7686FE42}.Debug|Mixed Platforms.ActiveCfg = Debug|x86
		{CC92D0EF-0A1B-4216-A959-580D7686FE42}.Debug|Mixed Platforms.Build.0 = Debug|x86
		{CC92D0EF-0A1B-4216-A959-580D7686FE42}.Debug|x86.ActiveCfg = Debug|x86
		{CC92D0EF-0A1B-4216-A959-580D7686FE42}.Debug|x86.Build.0 = Debug|x86
		{CC92D0EF-0A1B-4216-A959-580D7686FE42}.Debug|Xbox 360.ActiveCfg = Debug|x86
		{CC92D0EF-0A1B-4216-A959-580D7686FE42}.Release|Mixed Platforms.ActiveCfg = Release|x86
		{CC92D0EF-0A1B-4216-A959-580D7686FE42}.Release|Mixed Platforms.Build.0 = Release|x86
		{CC92D0EF-0A1B-4216-A959-580D7686FE42}.Release|x86.ActiveCfg = Release|x86
		{CC92D0EF-0A1B-4216-A959-580D7686FE42}.Release|x86.Build.0 = Release|x86
		{CC92D0EF-0A1B-4216-A959-580D7686FE42}.Release|Xbox 360.ActiveCfg = Release|x86
		{08BC140C-2F19-45FB-8462-3564C675F691}.Debug|Mixed Platforms.ActiveCfg = Debug|Xbox 360
		{08BC140C-2F19-45FB-8462-3564C675F691}.Debug|Mixed Platforms.Build.0 = Debug|Xbox 360
		{08BC140C-2F19-45FB-8462-3564C675F691}.Debug|Mixed Platforms.Deploy.0 = Debug|Xbox 360
		{08BC140C-2F19-45FB-8462-3564C675F691}.Debug|x86.ActiveCfg = Debug|Xbox 360
		{08BC140C-2F19-45FB-8462-3564C675F691}.Debug|Xbox 360.ActiveCfg = Debug|Xbox 360
		{08BC140C-2F19-45FB-8462-3564C675F691}.Debug|Xbox 360.Build.0 = Debug|Xbox 360
		{08BC140C-2F19-45FB-8462-3564C675F691}.Debug|Xbox 360.Deploy.0 = Debug|Xbox 360
		{08BC140C-2F19-45FB-8462-3564C675F691}.Release|Mixed Platforms.ActiveCfg = Release|Xbox 360
		{08BC140C-2F19-45FB-8462-3564C675F691}.Release|Mixed Platforms.Build.0 = Release|Xbox 360
		{08BC140C-2F19-45FB-8462-3564C675F691}.Release|Mixed Platforms.Deploy.0 = Release|Xbox 360
		{08BC140C-2F19-45FB-8462-3564C675F691}.Release|x86.ActiveCfg = Release|Xbox 360
		{08BC140C-2F19-45FB-8462-3564C675F691}.Release|Xbox 360.ActiveCfg = Release|Xbox 360
		{08BC140C-2F19-45FB-8462-3564C675F691}.Release|Xbox 360.Build.0 = Release|Xbox 360
		{08BC140C-2F19-45FB-8462-3564C675F691}.Release|Xbox 360.Deploy.0 = Release|Xbox 360
	EndGlobalSection
	GlobalSection(SolutionProperties) = preSolution
		HideSolutionNode = FALSE
	EndGlobalSection
EndGlobal
